# generated by rye
# use `rye lock` or `rye sync` to update this lockfile
#
# last locked with the following flags:
#   pre: false
#   features: ["sql"]
#   all-features: false
#   with-sources: false
#   generate-hashes: false
#   universal: false

-e file:.
beautifulsoup4==4.12.3
    # via signal-export
click==8.1.7
    # via typer
colorama==0.4.6
    # via typer
emoji==2.10.1
    # via signal-export
markdown==3.6
    # via signal-export
markdown-it-py==3.0.0
    # via rich
mdurl==0.1.2
    # via markdown-it-py
pycryptodome==3.20.0
    # via signal-export
pygments==2.17.2
    # via rich
rich==13.7.1
    # via typer
shellingham==1.5.4
    # via typer
soupsieve==2.5
    # via beautifulsoup4
typer==0.9.0
    # via signal-export
typing-extensions==4.10.0
    # via typer
